
Microsoft Visual Studio Solution File, Format Version 12.00
# Visual Studio Version 17
VisualStudioVersion = 17.0.31903.59
MinimumVisualStudioVersion = 10.0.40219.1
Project("{FAE04EC0-301F-11D3-BF4B-00C04F79EFBC}") = "EFStudio.Core", "EFStudio.Core\EFStudio.Core.csproj", "{39AD38D7-BD81-448B-BDC0-279B429C4C83}"
EndProject
Project("{FAE04EC0-301F-11D3-BF4B-00C04F79EFBC}") = "EFStudio.Sample", "EFStudio.Sample\EFStudio.Sample.csproj", "{D9C9037D-D2D5-41ED-8791-04F82187B28C}"
EndProject
Project("{FAE04EC0-301F-11D3-BF4B-00C04F79EFBC}") = "EFStudio.Tests", "EFStudio.Tests\EFStudio.Tests.csproj", "{27975356-A5E8-436F-88B6-0AE3C944099D}"
EndProject
Global
	GlobalSection(SolutionConfigurationPlatforms) = preSolution
		Debug|Any CPU = Debug|Any CPU
		Debug|x64 = Debug|x64
		Debug|x86 = Debug|x86
		Release|Any CPU = Release|Any CPU
		Release|x64 = Release|x64
		Release|x86 = Release|x86
	EndGlobalSection
	GlobalSection(ProjectConfigurationPlatforms) = postSolution
		{39AD38D7-BD81-448B-BDC0-279B429C4C83}.Debug|Any CPU.ActiveCfg = Debug|Any CPU
		{39AD38D7-BD81-448B-BDC0-279B429C4C83}.Debug|Any CPU.Build.0 = Debug|Any CPU
		{39AD38D7-BD81-448B-BDC0-279B429C4C83}.Debug|x64.ActiveCfg = Debug|Any CPU
		{39AD38D7-BD81-448B-BDC0-279B429C4C83}.Debug|x64.Build.0 = Debug|Any CPU
		{39AD38D7-BD81-448B-BDC0-279B429C4C83}.Debug|x86.ActiveCfg = Debug|Any CPU
		{39AD38D7-BD81-448B-BDC0-279B429C4C83}.Debug|x86.Build.0 = Debug|Any CPU
		{39AD38D7-BD81-448B-BDC0-279B429C4C83}.Release|Any CPU.ActiveCfg = Release|Any CPU
		{39AD38D7-BD81-448B-BDC0-279B429C4C83}.Release|Any CPU.Build.0 = Release|Any CPU
		{39AD38D7-BD81-448B-BDC0-279B429C4C83}.Release|x64.ActiveCfg = Release|Any CPU
		{39AD38D7-BD81-448B-BDC0-279B429C4C83}.Release|x64.Build.0 = Release|Any CPU
		{39AD38D7-BD81-448B-BDC0-279B429C4C83}.Release|x86.ActiveCfg = Release|Any CPU
		{39AD38D7-BD81-448B-BDC0-279B429C4C83}.Release|x86.Build.0 = Release|Any CPU
		{D9C9037D-D2D5-41ED-8791-04F82187B28C}.Debug|Any CPU.ActiveCfg = Debug|Any CPU
		{D9C9037D-D2D5-41ED-8791-04F82187B28C}.Debug|Any CPU.Build.0 = Debug|Any CPU
		{D9C9037D-D2D5-41ED-8791-04F82187B28C}.Debug|x64.ActiveCfg = Debug|Any CPU
		{D9C9037D-D2D5-41ED-8791-04F82187B28C}.Debug|x64.Build.0 = Debug|Any CPU
		{D9C9037D-D2D5-41ED-8791-04F82187B28C}.Debug|x86.ActiveCfg = Debug|Any CPU
		{D9C9037D-D2D5-41ED-8791-04F82187B28C}.Debug|x86.Build.0 = Debug|Any CPU
		{D9C9037D-D2D5-41ED-8791-04F82187B28C}.Release|Any CPU.ActiveCfg = Release|Any CPU
		{D9C9037D-D2D5-41ED-8791-04F82187B28C}.Release|Any CPU.Build.0 = Release|Any CPU
		{D9C9037D-D2D5-41ED-8791-04F82187B28C}.Release|x64.ActiveCfg = Release|Any CPU
		{D9C9037D-D2D5-41ED-8791-04F82187B28C}.Release|x64.Build.0 = Release|Any CPU
		{D9C9037D-D2D5-41ED-8791-04F82187B28C}.Release|x86.ActiveCfg = Release|Any CPU
		{D9C9037D-D2D5-41ED-8791-04F82187B28C}.Release|x86.Build.0 = Release|Any CPU
		{27975356-A5E8-436F-88B6-0AE3C944099D}.Debug|Any CPU.ActiveCfg = Debug|Any CPU
		{27975356-A5E8-436F-88B6-0AE3C944099D}.Debug|Any CPU.Build.0 = Debug|Any CPU
		{27975356-A5E8-436F-88B6-0AE3C944099D}.Debug|x64.ActiveCfg = Debug|Any CPU
		{27975356-A5E8-436F-88B6-0AE3C944099D}.Debug|x64.Build.0 = Debug|Any CPU
		{27975356-A5E8-436F-88B6-0AE3C944099D}.Debug|x86.ActiveCfg = Debug|Any CPU
		{27975356-A5E8-436F-88B6-0AE3C944099D}.Debug|x86.Build.0 = Debug|Any CPU
		{27975356-A5E8-436F-88B6-0AE3C944099D}.Release|Any CPU.ActiveCfg = Release|Any CPU
		{27975356-A5E8-436F-88B6-0AE3C944099D}.Release|Any CPU.Build.0 = Release|Any CPU
		{27975356-A5E8-436F-88B6-0AE3C944099D}.Release|x64.ActiveCfg = Release|Any CPU
		{27975356-A5E8-436F-88B6-0AE3C944099D}.Release|x64.Build.0 = Release|Any CPU
		{27975356-A5E8-436F-88B6-0AE3C944099D}.Release|x86.ActiveCfg = Release|Any CPU
		{27975356-A5E8-436F-88B6-0AE3C944099D}.Release|x86.Build.0 = Release|Any CPU
	EndGlobalSection
	GlobalSection(SolutionProperties) = preSolution
		HideSolutionNode = FALSE
	EndGlobalSection
EndGlobal
